{
  "name": "fun-form-item",
  "version": "0.0.4",
  "lockfileVersion": 1,
  "requires": true,
  "dependencies": {
    "async-validator": {
      "version": "3.5.2",
      "resolved": "https://registry.nlark.com/async-validator/download/async-validator-3.5.2.tgz",
      "integrity": "sha1-aOhmqWgk6LJpT/eoMcGiXETV5QA="
    }
  }
}
